
Microsoft Visual Studio Solution File, Format Version 12.00
#
Project("{FAE04EC0-301F-11D3-BF4B-00C04F79EFBC}") = "api", "api\api.csproj", "{57821DCE-EFA1-4357-ADB9-FA19F24D6F50}"
EndProject
Project("{FAE04EC0-301F-11D3-BF4B-00C04F79EFBC}") = "infrastructure", "infrastructure\infrastructure.csproj", "{1B036ED4-9C74-414D-A7DE-64601094036C}"
EndProject
Project("{FAE04EC0-301F-11D3-BF4B-00C04F79EFBC}") = "service", "service\service.csproj", "{7CA6CED6-5D22-49E4-8DF8-A389BD88F49B}"
EndProject
Project("{FAE04EC0-301F-11D3-BF4B-00C04F79EFBC}") = "Tests", "Tests\Tests.csproj", "{CE58D2BC-041B-4AAF-B9FB-79A394702A8C}"
EndProject
Global
	GlobalSection(SolutionConfigurationPlatforms) = preSolution
		Debug|Any CPU = Debug|Any CPU
		Release|Any CPU = Release|Any CPU
	EndGlobalSection
	GlobalSection(ProjectConfigurationPlatforms) = postSolution
		{57821DCE-EFA1-4357-ADB9-FA19F24D6F50}.Debug|Any CPU.ActiveCfg = Debug|Any CPU
		{57821DCE-EFA1-4357-ADB9-FA19F24D6F50}.Debug|Any CPU.Build.0 = Debug|Any CPU
		{57821DCE-EFA1-4357-ADB9-FA19F24D6F50}.Release|Any CPU.ActiveCfg = Release|Any CPU
		{57821DCE-EFA1-4357-ADB9-FA19F24D6F50}.Release|Any CPU.Build.0 = Release|Any CPU
		{1B036ED4-9C74-414D-A7DE-64601094036C}.Debug|Any CPU.ActiveCfg = Debug|Any CPU
		{1B036ED4-9C74-414D-A7DE-64601094036C}.Debug|Any CPU.Build.0 = Debug|Any CPU
		{1B036ED4-9C74-414D-A7DE-64601094036C}.Release|Any CPU.ActiveCfg = Release|Any CPU
		{1B036ED4-9C74-414D-A7DE-64601094036C}.Release|Any CPU.Build.0 = Release|Any CPU
		{7CA6CED6-5D22-49E4-8DF8-A389BD88F49B}.Debug|Any CPU.ActiveCfg = Debug|Any CPU
		{7CA6CED6-5D22-49E4-8DF8-A389BD88F49B}.Debug|Any CPU.Build.0 = Debug|Any CPU
		{7CA6CED6-5D22-49E4-8DF8-A389BD88F49B}.Release|Any CPU.ActiveCfg = Release|Any CPU
		{7CA6CED6-5D22-49E4-8DF8-A389BD88F49B}.Release|Any CPU.Build.0 = Release|Any CPU
		{CE58D2BC-041B-4AAF-B9FB-79A394702A8C}.Debug|Any CPU.ActiveCfg = Debug|Any CPU
		{CE58D2BC-041B-4AAF-B9FB-79A394702A8C}.Debug|Any CPU.Build.0 = Debug|Any CPU
		{CE58D2BC-041B-4AAF-B9FB-79A394702A8C}.Release|Any CPU.ActiveCfg = Release|Any CPU
		{CE58D2BC-041B-4AAF-B9FB-79A394702A8C}.Release|Any CPU.Build.0 = Release|Any CPU
	EndGlobalSection
EndGlobal
